
Microsoft Visual Studio Solution File, Format Version 12.00
# Visual Studio 15
VisualStudioVersion = 15.0.28307.902
MinimumVisualStudioVersion = 10.0.40219.1
Project("{8BC9CEB8-8B4A-11D0-8D11-00A0C91BC942}") = "字符串储存特性试探", "字符串储存特性试探\字符串储存特性试探.vcxproj", "{C14C35D3-5ECC-48FC-BDE5-DC8D5DD49E4C}"
EndProject
Global
	GlobalSection(SolutionConfigurationPlatforms) = preSolution
		Debug|x64 = Debug|x64
		Debug|x86 = Debug|x86
		Release|x64 = Release|x64
		Release|x86 = Release|x86
	EndGlobalSection
	GlobalSection(ProjectConfigurationPlatforms) = postSolution
		{C14C35D3-5ECC-48FC-BDE5-DC8D5DD49E4C}.Debug|x64.ActiveCfg = Debug|x64
		{C14C35D3-5ECC-48FC-BDE5-DC8D5DD49E4C}.Debug|x64.Build.0 = Debug|x64
		{C14C35D3-5ECC-48FC-BDE5-DC8D5DD49E4C}.Debug|x86.ActiveCfg = Debug|Win32
		{C14C35D3-5ECC-48FC-BDE5-DC8D5DD49E4C}.Debug|x86.Build.0 = Debug|Win32
		{C14C35D3-5ECC-48FC-BDE5-DC8D5DD49E4C}.Release|x64.ActiveCfg = Release|x64
		{C14C35D3-5ECC-48FC-BDE5-DC8D5DD49E4C}.Release|x64.Build.0 = Release|x64
		{C14C35D3-5ECC-48FC-BDE5-DC8D5DD49E4C}.Release|x86.ActiveCfg = Release|Win32
		{C14C35D3-5ECC-48FC-BDE5-DC8D5DD49E4C}.Release|x86.Build.0 = Release|Win32
	EndGlobalSection
	GlobalSection(SolutionProperties) = preSolution
		HideSolutionNode = FALSE
	EndGlobalSection
	GlobalSection(ExtensibilityGlobals) = postSolution
		SolutionGuid = {3F77B880-FAE1-49AE-B86E-D14E1EC91896}
	EndGlobalSection
EndGlobal
